
Microsoft Visual Studio Solution File, Format Version 12.00
# Visual Studio Version 17
VisualStudioVersion = 17.6.33815.320
MinimumVisualStudioVersion = 10.0.40219.1
Project("{FAE04EC0-301F-11D3-BF4B-00C04F79EFBC}") = "LInkedList", "LInkedList.csproj", "{8190B481-4BA7-4328-8AE7-81EAD65227DB}"
EndProject
Global
	GlobalSection(SolutionConfigurationPlatforms) = preSolution
		Debug|Any CPU = Debug|Any CPU
		Release|Any CPU = Release|Any CPU
	EndGlobalSection
	GlobalSection(ProjectConfigurationPlatforms) = postSolution
		{8190B481-4BA7-4328-8AE7-81EAD65227DB}.Debug|Any CPU.ActiveCfg = Debug|Any CPU
		{8190B481-4BA7-4328-8AE7-81EAD65227DB}.Debug|Any CPU.Build.0 = Debug|Any CPU
		{8190B481-4BA7-4328-8AE7-81EAD65227DB}.Release|Any CPU.ActiveCfg = Release|Any CPU
		{8190B481-4BA7-4328-8AE7-81EAD65227DB}.Release|Any CPU.Build.0 = Release|Any CPU
	EndGlobalSection
	GlobalSection(SolutionProperties) = preSolution
		HideSolutionNode = FALSE
	EndGlobalSection
	GlobalSection(ExtensibilityGlobals) = postSolution
		SolutionGuid = {B010F754-1AC4-44DD-8742-3C06B705EF60}
	EndGlobalSection
EndGlobal
